{
  "name": "tdbot",
  "version": "1.0.0",
  "lockfileVersion": 1,
  "requires": true,
  "dependencies": {
    "bindings": {
      "version": "1.3.0",
      "resolved": "https://registry.npmjs.org/bindings/-/bindings-1.3.0.tgz",
      "integrity": "sha512-DpLh5EzMR2kzvX1KIlVC0VkC3iZtHKTgdtZ0a3pglBZdaQFjt5S9g9xd1lE+YvXyfd6mtCeRnrUfOLYiTMlNSw=="
    },
    "concurrify": {
      "version": "1.1.0",
      "resolved": "https://registry.npmjs.org/concurrify/-/concurrify-1.1.0.tgz",
      "integrity": "sha512-jgvgHUvYS1iynRs4tH8of2oUbzgTDk4QNcK3lkmVhkiTOv3o9xewDEAWzWVqnQZ4Bfchhp8MoCYQ464Irk3Pww==",
      "requires": {
        "sanctuary-show": "^1.0.0",
        "sanctuary-type-classes": "^9.0.0",
        "sanctuary-type-identifiers": "^2.0.0"
      },
      "dependencies": {
        "sanctuary-type-classes": {
          "version": "9.0.0",
          "resolved": "https://registry.npmjs.org/sanctuary-type-classes/-/sanctuary-type-classes-9.0.0.tgz",
          "integrity": "sha512-rFW27f3D622kxKravpGU9OjWn66fnDjDjGPvoYo4hEoBg2ocypvp0R9cs0YovKL3jTO+PTceUBh5tYZ+l9ay3g==",
          "requires": {
            "sanctuary-type-identifiers": "1.0.x"
          },
          "dependencies": {
            "sanctuary-type-identifiers": {
              "version": "1.0.0",
              "resolved": "https://registry.npmjs.org/sanctuary-type-identifiers/-/sanctuary-type-identifiers-1.0.0.tgz",
              "integrity": "sha1-6PNZ8AbLXmJM+4RkYD/BFGCL3p8="
            }
          }
        }
      }
    },
    "debug": {
      "version": "3.1.0",
      "resolved": "https://registry.npmjs.org/debug/-/debug-3.1.0.tgz",
      "integrity": "sha512-OX8XqP7/1a9cqkxYw2yXss15f26NKWBpDXQd0/uK/KPqdQhxbPa994hnzjcE2VqQpDslf55723cKPUOGSmMY3g==",
      "requires": {
        "ms": "2.0.0"
      }
    },
    "denque": {
      "version": "1.3.0",
      "resolved": "https://registry.npmjs.org/denque/-/denque-1.3.0.tgz",
      "integrity": "sha512-4SRaSj+PqmrS1soW5/Avd7eJIM2JJIqLLmwhRqIGleZM/8KwZq80njbSS2Iqas+6oARkSkLDHEk4mm78q3JlIg=="
    },
    "eventemitter2": {
      "version": "5.0.1",
      "resolved": "https://registry.npmjs.org/eventemitter2/-/eventemitter2-5.0.1.tgz",
      "integrity": "sha1-YZegldX7a1folC9v1+qtY6CclFI="
    },
    "eventemitter3": {
      "version": "3.1.0",
      "resolved": "https://registry.npmjs.org/eventemitter3/-/eventemitter3-3.1.0.tgz",
      "integrity": "sha512-ivIvhpq/Y0uSjcHDcOIccjmYjGLcP09MFGE7ysAwkAvkXfpZlC985pH2/ui64DKazbTW/4kN3yqozUxlXzI6cA=="
    },
    "ffi-napi": {
      "version": "2.4.3",
      "resolved": "https://registry.npmjs.org/ffi-napi/-/ffi-napi-2.4.3.tgz",
      "integrity": "sha512-Lut2d5MvblJ9jw6g06znz0DjSIictZgBX61e7RHBEMX3FWjU5czCuUviPsgHxvjqIlEqm5wWQ5AIUq/G7Agzhg==",
      "requires": {
        "bindings": "^1.3.0",
        "debug": "^3.1.0",
        "get-uv-event-loop-napi-h": "^1.0.2",
        "node-addon-api": "^1.1.0",
        "ref-napi": "^1.4.0",
        "ref-struct-di": "^1.1.0"
      }
    },
    "fluture": {
      "version": "8.0.2",
      "resolved": "https://registry.npmjs.org/fluture/-/fluture-8.0.2.tgz",
      "integrity": "sha512-RqYYwq0U+/yBOU+5qHmlNK/qZVU1xwSpRqSVDTt8SXUVhdFJuxRcda/u/YHL/BhGoJ4L3ETA9Y/OuyTF4Q5rLw==",
      "requires": {
        "concurrify": "^1.0.0",
        "denque": "^1.1.1",
        "inspect-f": "^1.2.0",
        "sanctuary-type-classes": "^8.0.0",
        "sanctuary-type-identifiers": "^2.0.0"
      }
    },
    "get-symbol-from-current-process-h": {
      "version": "1.0.1",
      "resolved": "https://registry.npmjs.org/get-symbol-from-current-process-h/-/get-symbol-from-current-process-h-1.0.1.tgz",
      "integrity": "sha512-QvP1+tCDjgTiu+akjdEYd8eK8MFYy6nRCRNjfiCeQB9RJEHQZpN+WE+CVqPRNqjIVMwSqd0WiD008B+b7iIdaA=="
    },
    "get-uv-event-loop-napi-h": {
      "version": "1.0.2",
      "resolved": "https://registry.npmjs.org/get-uv-event-loop-napi-h/-/get-uv-event-loop-napi-h-1.0.2.tgz",
      "integrity": "sha512-yhU1qY1Q9CjIVyWSOeGAKrpGP03FOa4YmOJ0cdsE9WMc2HllFsYRtq2zdFdQqqYuGCkrYN8Y9olK/aJYrlXoMA==",
      "requires": {
        "get-symbol-from-current-process-h": "^1.0.1"
      }
    },
    "inspect-f": {
      "version": "1.2.2",
      "resolved": "https://registry.npmjs.org/inspect-f/-/inspect-f-1.2.2.tgz",
      "integrity": "sha512-kHR/iUJ670cg9QLeoEhyzp/kqzBnPvXfzl+wE72+sOPuVv1vfXBwvWIFcr8DqnNSN44SDw9U41m4HEUSam1K2A=="
    },
    "ms": {
      "version": "2.0.0",
      "resolved": "https://registry.npmjs.org/ms/-/ms-2.0.0.tgz",
      "integrity": "sha1-VgiurfwAvmwpAd9fmGF4jeDVl8g="
    },
    "mute-stream": {
      "version": "0.0.7",
      "resolved": "https://registry.npmjs.org/mute-stream/-/mute-stream-0.0.7.tgz",
      "integrity": "sha1-MHXOk7whuPq0PhvE2n6BFe0ee6s="
    },
    "node-addon-api": {
      "version": "1.4.0",
      "resolved": "https://registry.npmjs.org/node-addon-api/-/node-addon-api-1.4.0.tgz",
      "integrity": "sha512-agquHPHnxYGox7Rjz2+TZQeOiH8IVbNFSTyTPA+peMUAP6klgrBH5dcwHsNNChQh7l/dtF0JNmZPbCqd5OXOIQ=="
    },
    "pify": {
      "version": "3.0.0",
      "resolved": "https://registry.npmjs.org/pify/-/pify-3.0.0.tgz",
      "integrity": "sha1-5aSs0sEB/fPZpNB/DbxNtJ3SgXY="
    },
    "promptly": {
      "version": "3.0.3",
      "resolved": "https://registry.npmjs.org/promptly/-/promptly-3.0.3.tgz",
      "integrity": "sha512-EWnzOsxVKUjqKeE6SStH1/cO4+DE44QolaoJ4ojGd9z6pcNkpgfJKr1ncwxrOFHSTIzoudo7jG8y0re30/LO1g==",
      "requires": {
        "pify": "^3.0.0",
        "read": "^1.0.4"
      }
    },
    "ramda": {
      "version": "0.25.0",
      "resolved": "https://registry.npmjs.org/ramda/-/ramda-0.25.0.tgz",
      "integrity": "sha512-GXpfrYVPwx3K7RQ6aYT8KPS8XViSXUVJT1ONhoKPE9VAleW42YE+U+8VEyGWt41EnEQW7gwecYJriTI0pKoecQ=="
    },
    "read": {
      "version": "1.0.7",
      "resolved": "https://registry.npmjs.org/read/-/read-1.0.7.tgz",
      "integrity": "sha1-s9oZvQUkMal2cdRKQmNK33ELQMQ=",
      "requires": {
        "mute-stream": "~0.0.4"
      }
    },
    "ref-napi": {
      "version": "1.4.0",
      "resolved": "https://registry.npmjs.org/ref-napi/-/ref-napi-1.4.0.tgz",
      "integrity": "sha512-wPSvH8QHPEZCIPNSUmcLvxKIf4o04W3tYvhsXhoHMH23qcco+62OO6vUtbZEyUXGf+VsfZMNtwYrSC/RcSjX8Q==",
      "requires": {
        "bindings": "^1.3.0",
        "debug": "^3.1.0",
        "node-addon-api": "https://github.com/nodejs/node-addon-api/archive/82656bb.tar.gz"
      },
      "dependencies": {
        "node-addon-api": {
          "version": "https://github.com/nodejs/node-addon-api/archive/82656bb.tar.gz",
          "integrity": "sha512-hVXYx8KHOnSva6EH010YqII0JaVW6+UDC7OOZE1+DN0Evu4jL5KEf9ZFCwjRPFN0y/biYbMJKOCqukYpb5DIzw=="
        }
      }
    },
    "ref-struct-di": {
      "version": "1.1.0",
      "resolved": "https://registry.npmjs.org/ref-struct-di/-/ref-struct-di-1.1.0.tgz",
      "integrity": "sha512-gghZITj/iQwdwFDduZ6T8kL2B2ogInlOz7AOB0ggFoEc7akAKMcDrbzh3OIPk13Kxy8U2bHPvN6nejcBh4jN7A==",
      "requires": {
        "debug": "^3.1.0"
      }
    },
    "sanctuary-show": {
      "version": "1.0.0",
      "resolved": "https://registry.npmjs.org/sanctuary-show/-/sanctuary-show-1.0.0.tgz",
      "integrity": "sha512-63UqNGr5M6wkzKp6eGc/Gy6JBIV2PbzPd3q88+0F9z0qydAQsCWJ+7e4oor39rEEwj2GkZMDEhqGuiMl9eEnYw=="
    },
    "sanctuary-type-classes": {
      "version": "8.2.1",
      "resolved": "https://registry.npmjs.org/sanctuary-type-classes/-/sanctuary-type-classes-8.2.1.tgz",
      "integrity": "sha512-5HRd/Nvif23Kl4iIIOof1HRcxnZMqiJvjsBjB/Ag0suHJtfi7bfjjLDVl2XEBTMmmeUvaW+ZErKrGwk7dHoorg==",
      "requires": {
        "sanctuary-type-identifiers": "1.0.x"
      },
      "dependencies": {
        "sanctuary-type-identifiers": {
          "version": "1.0.0",
          "resolved": "https://registry.npmjs.org/sanctuary-type-identifiers/-/sanctuary-type-identifiers-1.0.0.tgz",
          "integrity": "sha1-6PNZ8AbLXmJM+4RkYD/BFGCL3p8="
        }
      }
    },
    "sanctuary-type-identifiers": {
      "version": "2.0.1",
      "resolved": "https://registry.npmjs.org/sanctuary-type-identifiers/-/sanctuary-type-identifiers-2.0.1.tgz",
      "integrity": "sha1-/FJM9t2Szr/LsN2VCe/xkxWaIO0="
    },
    "tdl": {
      "version": "3.8.2",
      "resolved": "https://registry.npmjs.org/tdl/-/tdl-3.8.2.tgz",
      "integrity": "sha512-nelGsqUVaktGWNE+y7DFAwbBdbxo4nk+g7v8YGXhyv0lDbcykzX0yKVPxHrAu82+wpOTXvrHs8P0yw3mRP7iFA==",
      "requires": {
        "debug": "^3.1.0",
        "eventemitter3": "^3.0.1",
        "ffi-napi": "^2.4.3",
        "fluture": "^8.0.2",
        "promptly": "^3.0.3",
        "ramda": "^0.25.0",
        "ref-napi": "^1.4.0"
      }
    }
  }
}
